{
  "version": 4,
  "terraform_version": "1.0.2",
  "serial": 98,
  "lineage": "a64318eb-1355-a592-80d6-4415faa0d7f6",
  "outputs": {},
  "resources": [
    {
      "mode": "managed",
      "type": "aws_apigatewayv2_api",
      "name": "todo_terraform",
      "provider": "provider[\"registry.terraform.io/hashicorp/aws\"]",
      "instances": [
        {
          "schema_version": 0,
          "attributes": {
            "api_endpoint": "https://4bpu9l2rai.execute-api.us-east-1.amazonaws.com",
            "api_key_selection_expression": "$request.header.x-api-key",
            "arn": "arn:aws:apigateway:us-east-1::/apis/4bpu9l2rai",
            "body": null,
            "cors_configuration": [
              {
                "allow_credentials": false,
                "allow_headers": [
                  "authorization",
                  "content-type",
                  "x-amz-date",
                  "x-amz-security-token",
                  "x-amz-user-agent",
                  "x-api-key"
                ],
                "allow_methods": [
                  "DELETE",
                  "GET",
                  "OPTIONS",
                  "POST",
                  "PUT"
                ],
                "allow_origins": [
                  "*"
                ],
                "expose_headers": [],
                "max_age": 0
              }
            ],
            "credentials_arn": null,
            "description": "Terraform Serverless Application Example",
            "disable_execute_api_endpoint": false,
            "execution_arn": "arn:aws:execute-api:us-east-1:179952849856:4bpu9l2rai",
            "fail_on_warnings": null,
            "id": "4bpu9l2rai",
            "name": "TerraformTodoAPI",
            "protocol_type": "HTTP",
            "route_key": null,
            "route_selection_expression": "$request.method $request.path",
            "tags": {},
            "tags_all": {},
            "target": null,
            "version": ""
          },
          "sensitive_attributes": [],
          "private": "bnVsbA=="
        }
      ]
    },
    {
      "mode": "managed",
      "type": "aws_apigatewayv2_integration",
      "name": "HttpApiIntegrationCreateTodo",
      "provider": "provider[\"registry.terraform.io/hashicorp/aws\"]",
      "instances": [
        {
          "schema_version": 0,
          "attributes": {
            "api_id": "4bpu9l2rai",
            "connection_id": "",
            "connection_type": "INTERNET",
            "content_handling_strategy": "",
            "credentials_arn": "",
            "description": "",
            "id": "d5p31bi",
            "integration_method": "POST",
            "integration_response_selection_expression": "",
            "integration_subtype": "",
            "integration_type": "AWS_PROXY",
            "integration_uri": "arn:aws:apigateway:us-east-1:lambda:path/2015-03-31/functions/arn:aws:lambda:us-east-1:179952849856:function:todo-terraform-createTodo/invocations",
            "passthrough_behavior": "",
            "payload_format_version": "2.0",
            "request_parameters": {},
            "request_templates": {},
            "response_parameters": [],
            "template_selection_expression": "",
            "timeout_milliseconds": 6500,
            "tls_config": []
          },
          "sensitive_attributes": [],
          "private": "bnVsbA==",
          "dependencies": [
            "aws_apigatewayv2_api.todo_terraform",
            "aws_cloudwatch_log_group.CreateTodoLogGroup",
            "aws_iam_role.lambda_exec",
            "aws_lambda_function.todo-terraform-createTodo"
          ]
        }
      ]
    },
    {
      "mode": "managed",
      "type": "aws_apigatewayv2_integration",
      "name": "HttpApiIntegrationDeleteTodo",
      "provider": "provider[\"registry.terraform.io/hashicorp/aws\"]",
      "instances": [
        {
          "schema_version": 0,
          "attributes": {
            "api_id": "4bpu9l2rai",
            "connection_id": "",
            "connection_type": "INTERNET",
            "content_handling_strategy": "",
            "credentials_arn": "",
            "description": "",
            "id": "xka4xep",
            "integration_method": "POST",
            "integration_response_selection_expression": "",
            "integration_subtype": "",
            "integration_type": "AWS_PROXY",
            "integration_uri": "arn:aws:apigateway:us-east-1:lambda:path/2015-03-31/functions/arn:aws:lambda:us-east-1:179952849856:function:todo-terraform-deleteTodo/invocations",
            "passthrough_behavior": "",
            "payload_format_version": "2.0",
            "request_parameters": {},
            "request_templates": {},
            "response_parameters": [],
            "template_selection_expression": "",
            "timeout_milliseconds": 6500,
            "tls_config": []
          },
          "sensitive_attributes": [],
          "private": "bnVsbA==",
          "dependencies": [
            "aws_apigatewayv2_api.todo_terraform",
            "aws_cloudwatch_log_group.DeleteTodoLogGroup",
            "aws_iam_role.lambda_exec",
            "aws_lambda_function.todo-terraform-deleteTodo"
          ]
        }
      ]
    },
    {
      "mode": "managed",
      "type": "aws_apigatewayv2_integration",
      "name": "HttpApiIntegrationGetTodoById",
      "provider": "provider[\"registry.terraform.io/hashicorp/aws\"]",
      "instances": [
        {
          "schema_version": 0,
          "attributes": {
            "api_id": "4bpu9l2rai",
            "connection_id": "",
            "connection_type": "INTERNET",
            "content_handling_strategy": "",
            "credentials_arn": "",
            "description": "",
            "id": "nc1kt3t",
            "integration_method": "POST",
            "integration_response_selection_expression": "",
            "integration_subtype": "",
            "integration_type": "AWS_PROXY",
            "integration_uri": "arn:aws:apigateway:us-east-1:lambda:path/2015-03-31/functions/arn:aws:lambda:us-east-1:179952849856:function:todo-terraform-getTodoById/invocations",
            "passthrough_behavior": "",
            "payload_format_version": "2.0",
            "request_parameters": {},
            "request_templates": {},
            "response_parameters": [],
            "template_selection_expression": "",
            "timeout_milliseconds": 6500,
            "tls_config": []
          },
          "sensitive_attributes": [],
          "private": "bnVsbA==",
          "dependencies": [
            "aws_cloudwatch_log_group.GetTodoByIdLogGroup",
            "aws_iam_role.lambda_exec",
            "aws_lambda_function.todo-terraform-getTodoById",
            "aws_apigatewayv2_api.todo_terraform"
          ]
        }
      ]
    },
    {
      "mode": "managed",
      "type": "aws_apigatewayv2_integration",
      "name": "HttpApiIntegrationGetTodos",
      "provider": "provider[\"registry.terraform.io/hashicorp/aws\"]",
      "instances": [
        {
          "schema_version": 0,
          "attributes": {
            "api_id": "4bpu9l2rai",
            "connection_id": "",
            "connection_type": "INTERNET",
            "content_handling_strategy": "",
            "credentials_arn": "",
            "description": "",
            "id": "txnsxev",
            "integration_method": "POST",
            "integration_response_selection_expression": "",
            "integration_subtype": "",
            "integration_type": "AWS_PROXY",
            "integration_uri": "arn:aws:apigateway:us-east-1:lambda:path/2015-03-31/functions/arn:aws:lambda:us-east-1:179952849856:function:todo-terraform-getTodos/invocations",
            "passthrough_behavior": "",
            "payload_format_version": "2.0",
            "request_parameters": {},
            "request_templates": {},
            "response_parameters": [],
            "template_selection_expression": "",
            "timeout_milliseconds": 6500,
            "tls_config": []
          },
          "sensitive_attributes": [],
          "private": "bnVsbA==",
          "dependencies": [
            "aws_apigatewayv2_api.todo_terraform",
            "aws_cloudwatch_log_group.GetTodosLogGroup",
            "aws_iam_role.lambda_exec",
            "aws_lambda_function.todo-terraform-getTodos"
          ]
        }
      ]
    },
    {
      "mode": "managed",
      "type": "aws_apigatewayv2_integration",
      "name": "HttpApiIntegrationUpdateTodo",
      "provider": "provider[\"registry.terraform.io/hashicorp/aws\"]",
      "instances": [
        {
          "schema_version": 0,
          "attributes": {
            "api_id": "4bpu9l2rai",
            "connection_id": "",
            "connection_type": "INTERNET",
            "content_handling_strategy": "",
            "credentials_arn": "",
            "description": "",
            "id": "nkm1lpi",
            "integration_method": "POST",
            "integration_response_selection_expression": "",
            "integration_subtype": "",
            "integration_type": "AWS_PROXY",
            "integration_uri": "arn:aws:apigateway:us-east-1:lambda:path/2015-03-31/functions/arn:aws:lambda:us-east-1:179952849856:function:todo-terraform-updateTodo/invocations",
            "passthrough_behavior": "",
            "payload_format_version": "2.0",
            "request_parameters": {},
            "request_templates": {},
            "response_parameters": [],
            "template_selection_expression": "",
            "timeout_milliseconds": 6500,
            "tls_config": []
          },
          "sensitive_attributes": [],
          "private": "bnVsbA==",
          "dependencies": [
            "aws_lambda_function.todo-terraform-updateTodo",
            "aws_apigatewayv2_api.todo_terraform",
            "aws_cloudwatch_log_group.UpdateTodoLogGroup",
            "aws_iam_role.lambda_exec"
          ]
        }
      ]
    },
    {
      "mode": "managed",
      "type": "aws_apigatewayv2_route",
      "name": "HttpApiRouteDeleteTodoIdVar",
      "provider": "provider[\"registry.terraform.io/hashicorp/aws\"]",
      "instances": [
        {
          "schema_version": 0,
          "attributes": {
            "api_id": "4bpu9l2rai",
            "api_key_required": false,
            "authorization_scopes": [],
            "authorization_type": "NONE",
            "authorizer_id": "",
            "id": "hn45t74",
            "model_selection_expression": "",
            "operation_name": "",
            "request_models": {},
            "request_parameter": [],
            "route_key": "DELETE /todo/{id}",
            "route_response_selection_expression": "",
            "target": "integrations/xka4xep"
          },
          "sensitive_attributes": [],
          "private": "bnVsbA==",
          "dependencies": [
            "aws_lambda_function.todo-terraform-deleteTodo",
            "aws_apigatewayv2_api.todo_terraform",
            "aws_apigatewayv2_integration.HttpApiIntegrationDeleteTodo",
            "aws_cloudwatch_log_group.DeleteTodoLogGroup",
            "aws_iam_role.lambda_exec"
          ]
        }
      ]
    },
    {
      "mode": "managed",
      "type": "aws_apigatewayv2_route",
      "name": "HttpApiRouteGetTodo",
      "provider": "provider[\"registry.terraform.io/hashicorp/aws\"]",
      "instances": [
        {
          "schema_version": 0,
          "attributes": {
            "api_id": "4bpu9l2rai",
            "api_key_required": false,
            "authorization_scopes": [],
            "authorization_type": "NONE",
            "authorizer_id": "",
            "id": "dutlmmh",
            "model_selection_expression": "",
            "operation_name": "",
            "request_models": {},
            "request_parameter": [],
            "route_key": "GET /todo",
            "route_response_selection_expression": "",
            "target": "integrations/txnsxev"
          },
          "sensitive_attributes": [],
          "private": "bnVsbA==",
          "dependencies": [
            "aws_apigatewayv2_api.todo_terraform",
            "aws_apigatewayv2_integration.HttpApiIntegrationGetTodos",
            "aws_cloudwatch_log_group.GetTodosLogGroup",
            "aws_iam_role.lambda_exec",
            "aws_lambda_function.todo-terraform-getTodos"
          ]
        }
      ]
    },
    {
      "mode": "managed",
      "type": "aws_apigatewayv2_route",
      "name": "HttpApiRouteGetTodoIdVar",
      "provider": "provider[\"registry.terraform.io/hashicorp/aws\"]",
      "instances": [
        {
          "schema_version": 0,
          "attributes": {
            "api_id": "4bpu9l2rai",
            "api_key_required": false,
            "authorization_scopes": [],
            "authorization_type": "NONE",
            "authorizer_id": "",
            "id": "4r174ii",
            "model_selection_expression": "",
            "operation_name": "",
            "request_models": {},
            "request_parameter": [],
            "route_key": "GET /todo/{id}",
            "route_response_selection_expression": "",
            "target": "integrations/nc1kt3t"
          },
          "sensitive_attributes": [],
          "private": "bnVsbA==",
          "dependencies": [
            "aws_apigatewayv2_api.todo_terraform",
            "aws_apigatewayv2_integration.HttpApiIntegrationGetTodoById",
            "aws_cloudwatch_log_group.GetTodoByIdLogGroup",
            "aws_iam_role.lambda_exec",
            "aws_lambda_function.todo-terraform-getTodoById"
          ]
        }
      ]
    },
    {
      "mode": "managed",
      "type": "aws_apigatewayv2_route",
      "name": "HttpApiRoutePostTodo",
      "provider": "provider[\"registry.terraform.io/hashicorp/aws\"]",
      "instances": [
        {
          "schema_version": 0,
          "attributes": {
            "api_id": "4bpu9l2rai",
            "api_key_required": false,
            "authorization_scopes": [],
            "authorization_type": "NONE",
            "authorizer_id": "",
            "id": "rxpfpz2",
            "model_selection_expression": "",
            "operation_name": "",
            "request_models": {},
            "request_parameter": [],
            "route_key": "POST /todo",
            "route_response_selection_expression": "",
            "target": "integrations/d5p31bi"
          },
          "sensitive_attributes": [],
          "private": "bnVsbA==",
          "dependencies": [
            "aws_apigatewayv2_api.todo_terraform",
            "aws_apigatewayv2_integration.HttpApiIntegrationCreateTodo",
            "aws_cloudwatch_log_group.CreateTodoLogGroup",
            "aws_iam_role.lambda_exec",
            "aws_lambda_function.todo-terraform-createTodo"
          ]
        }
      ]
    },
    {
      "mode": "managed",
      "type": "aws_apigatewayv2_route",
      "name": "HttpApiRoutePutTodoIdVar",
      "provider": "provider[\"registry.terraform.io/hashicorp/aws\"]",
      "instances": [
        {
          "schema_version": 0,
          "attributes": {
            "api_id": "4bpu9l2rai",
            "api_key_required": false,
            "authorization_scopes": [],
            "authorization_type": "NONE",
            "authorizer_id": "",
            "id": "ebio99o",
            "model_selection_expression": "",
            "operation_name": "",
            "request_models": {},
            "request_parameter": [],
            "route_key": "PUT /todo/{id}",
            "route_response_selection_expression": "",
            "target": "integrations/nkm1lpi"
          },
          "sensitive_attributes": [],
          "private": "bnVsbA==",
          "dependencies": [
            "aws_iam_role.lambda_exec",
            "aws_lambda_function.todo-terraform-updateTodo",
            "aws_apigatewayv2_api.todo_terraform",
            "aws_apigatewayv2_integration.HttpApiIntegrationUpdateTodo",
            "aws_cloudwatch_log_group.UpdateTodoLogGroup"
          ]
        }
      ]
    },
    {
      "mode": "managed",
      "type": "aws_apigatewayv2_stage",
      "name": "HttpApiStage",
      "provider": "provider[\"registry.terraform.io/hashicorp/aws\"]",
      "instances": [
        {
          "schema_version": 0,
          "attributes": {
            "access_log_settings": [
              {
                "destination_arn": "arn:aws:logs:us-east-1:179952849856:log-group:/aws/http-api/todo-terraform-dev",
                "format": "{\"requestId\":\"$context.requestId\",\"ip\":\"$context.identity.sourceIp\",\"requestTime\":\"$context.requestTime\",\"httpMethod\":\"$context.httpMethod\",\"routeKey\":\"$context.routeKey\",\"status\":\"$context.status\",\"protocol\":\"$context.protocol\",\"responseLength\":\"$context.responseLength\", \"errorIntegration\":\"$context.integrationErrorMessage\"}"
              }
            ],
            "api_id": "4bpu9l2rai",
            "arn": "arn:aws:apigateway:us-east-1::/apis/4bpu9l2rai/stages/dev",
            "auto_deploy": true,
            "client_certificate_id": "",
            "default_route_settings": [
              {
                "data_trace_enabled": false,
                "detailed_metrics_enabled": true,
                "logging_level": "",
                "throttling_burst_limit": 10,
                "throttling_rate_limit": 10
              }
            ],
            "deployment_id": "zrvekf",
            "description": "",
            "execution_arn": "arn:aws:execute-api:us-east-1:179952849856:4bpu9l2rai/dev",
            "id": "dev",
            "invoke_url": "https://4bpu9l2rai.execute-api.us-east-1.amazonaws.com/dev",
            "name": "dev",
            "route_settings": [],
            "stage_variables": {},
            "tags": {},
            "tags_all": {}
          },
          "sensitive_attributes": [],
          "private": "bnVsbA==",
          "dependencies": [
            "aws_apigatewayv2_api.todo_terraform",
            "aws_cloudwatch_log_group.HttpApiLogGroup"
          ]
        }
      ]
    },
    {
      "mode": "managed",
      "type": "aws_cloudwatch_log_group",
      "name": "CreateTodoLogGroup",
      "provider": "provider[\"registry.terraform.io/hashicorp/aws\"]",
      "instances": [
        {
          "schema_version": 0,
          "attributes": {
            "arn": "arn:aws:logs:us-east-1:179952849856:log-group:/aws/lambda/todo-terraform-dev-createTodo",
            "id": "/aws/lambda/todo-terraform-dev-createTodo",
            "kms_key_id": "",
            "name": "/aws/lambda/todo-terraform-dev-createTodo",
            "name_prefix": null,
            "retention_in_days": 0,
            "tags": {},
            "tags_all": {}
          },
          "sensitive_attributes": [],
          "private": "bnVsbA=="
        }
      ]
    },
    {
      "mode": "managed",
      "type": "aws_cloudwatch_log_group",
      "name": "DeleteTodoLogGroup",
      "provider": "provider[\"registry.terraform.io/hashicorp/aws\"]",
      "instances": [
        {
          "schema_version": 0,
          "attributes": {
            "arn": "arn:aws:logs:us-east-1:179952849856:log-group:/aws/lambda/todo-terraform-dev-deleteTodo",
            "id": "/aws/lambda/todo-terraform-dev-deleteTodo",
            "kms_key_id": "",
            "name": "/aws/lambda/todo-terraform-dev-deleteTodo",
            "name_prefix": null,
            "retention_in_days": 0,
            "tags": {},
            "tags_all": {}
          },
          "sensitive_attributes": [],
          "private": "bnVsbA=="
        }
      ]
    },
    {
      "mode": "managed",
      "type": "aws_cloudwatch_log_group",
      "name": "GetTodoByIdLogGroup",
      "provider": "provider[\"registry.terraform.io/hashicorp/aws\"]",
      "instances": [
        {
          "schema_version": 0,
          "attributes": {
            "arn": "arn:aws:logs:us-east-1:179952849856:log-group:/aws/lambda/todo-terraform-dev-getTodoById",
            "id": "/aws/lambda/todo-terraform-dev-getTodoById",
            "kms_key_id": "",
            "name": "/aws/lambda/todo-terraform-dev-getTodoById",
            "name_prefix": null,
            "retention_in_days": 0,
            "tags": {},
            "tags_all": {}
          },
          "sensitive_attributes": [],
          "private": "bnVsbA=="
        }
      ]
    },
    {
      "mode": "managed",
      "type": "aws_cloudwatch_log_group",
      "name": "GetTodosLogGroup",
      "provider": "provider[\"registry.terraform.io/hashicorp/aws\"]",
      "instances": [
        {
          "schema_version": 0,
          "attributes": {
            "arn": "arn:aws:logs:us-east-1:179952849856:log-group:/aws/lambda/todo-terraform-dev-getTodos",
            "id": "/aws/lambda/todo-terraform-dev-getTodos",
            "kms_key_id": "",
            "name": "/aws/lambda/todo-terraform-dev-getTodos",
            "name_prefix": null,
            "retention_in_days": 0,
            "tags": {},
            "tags_all": {}
          },
          "sensitive_attributes": [],
          "private": "bnVsbA=="
        }
      ]
    },
    {
      "mode": "managed",
      "type": "aws_cloudwatch_log_group",
      "name": "HttpApiLogGroup",
      "provider": "provider[\"registry.terraform.io/hashicorp/aws\"]",
      "instances": [
        {
          "schema_version": 0,
          "attributes": {
            "arn": "arn:aws:logs:us-east-1:179952849856:log-group:/aws/http-api/todo-terraform-dev",
            "id": "/aws/http-api/todo-terraform-dev",
            "kms_key_id": "",
            "name": "/aws/http-api/todo-terraform-dev",
            "name_prefix": null,
            "retention_in_days": 0,
            "tags": {},
            "tags_all": {}
          },
          "sensitive_attributes": [],
          "private": "bnVsbA=="
        }
      ]
    },
    {
      "mode": "managed",
      "type": "aws_cloudwatch_log_group",
      "name": "UpdateTodoLogGroup",
      "provider": "provider[\"registry.terraform.io/hashicorp/aws\"]",
      "instances": [
        {
          "schema_version": 0,
          "attributes": {
            "arn": "arn:aws:logs:us-east-1:179952849856:log-group:/aws/lambda/todo-terraform-dev-updateTodo",
            "id": "/aws/lambda/todo-terraform-dev-updateTodo",
            "kms_key_id": "",
            "name": "/aws/lambda/todo-terraform-dev-updateTodo",
            "name_prefix": null,
            "retention_in_days": 0,
            "tags": {},
            "tags_all": {}
          },
          "sensitive_attributes": [],
          "private": "bnVsbA=="
        }
      ]
    },
    {
      "mode": "managed",
      "type": "aws_dynamodb_table",
      "name": "TodosTable",
      "provider": "provider[\"registry.terraform.io/hashicorp/aws\"]",
      "instances": [
        {
          "schema_version": 1,
          "attributes": {
            "arn": "arn:aws:dynamodb:us-east-1:179952849856:table/Todos-Terraform-demo",
            "attribute": [
              {
                "name": "id",
                "type": "S"
              }
            ],
            "billing_mode": "PAY_PER_REQUEST",
            "global_secondary_index": [],
            "hash_key": "id",
            "id": "Todos-Terraform-demo",
            "local_secondary_index": [],
            "name": "Todos-Terraform-demo",
            "point_in_time_recovery": [
              {
                "enabled": false
              }
            ],
            "range_key": null,
            "read_capacity": 0,
            "replica": [],
            "server_side_encryption": [],
            "stream_arn": "",
            "stream_enabled": false,
            "stream_label": "",
            "stream_view_type": "",
            "tags": {},
            "tags_all": {},
            "timeouts": null,
            "ttl": [
              {
                "attribute_name": "",
                "enabled": false,
                "kms_key_arn": ""
              }
            ],
            "write_capacity": 0
          },
          "sensitive_attributes": [],
          "private": "eyJlMmJmYjczMC1lY2FhLTExZTYtOGY4OC0zNDM2M2JjN2M0YzAiOnsiY3JlYXRlIjoxMjAwMDAwMDAwMDAwLCJkZWxldGUiOjYwMDAwMDAwMDAwMCwidXBkYXRlIjozNjAwMDAwMDAwMDAwfSwic2NoZW1hX3ZlcnNpb24iOiIxIn0="
        }
      ]
    },
    {
      "mode": "managed",
      "type": "aws_iam_role",
      "name": "lambda_exec",
      "provider": "provider[\"registry.terraform.io/hashicorp/aws\"]",
      "instances": [
        {
          "schema_version": 0,
          "attributes": {
            "arn": "arn:aws:iam::179952849856:role/serverless_terraform_lambda",
            "assume_role_policy": "{\"Version\":\"2012-10-17\",\"Statement\":[{\"Sid\":\"\",\"Effect\":\"Allow\",\"Principal\":{\"Service\":\"lambda.amazonaws.com\"},\"Action\":\"sts:AssumeRole\"}]}",
            "create_date": "2021-07-16T17:35:48Z",
            "description": "",
            "force_detach_policies": false,
            "id": "serverless_terraform_lambda",
            "inline_policy": [
              {
                "name": "todo-terraform-lambda_exec",
                "policy": "{\"Statement\":[{\"Action\":[\"logs:CreateLogStream\",\"logs:CreateLogGroup\"],\"Effect\":\"Allow\",\"Resource\":[\"arn:aws:logs:us-east-1:179952849856:log-group:/aws/lambda/todo-terraform-dev-createTodo\",\"arn:aws:logs:us-east-1:179952849856:log-group:/aws/lambda/todo-terraform-dev-deleteTodo\",\"arn:aws:logs:us-east-1:179952849856:log-group:/aws/lambda/todo-terraform-dev-getTodoById\",\"arn:aws:logs:us-east-1:179952849856:log-group:/aws/lambda/todo-terraform-dev-getTodos\",\"arn:aws:logs:us-east-1:179952849856:log-group:/aws/lambda/todo-terraform-dev-updateTodo\"]},{\"Action\":[\"logs:PutLogEvents\"],\"Effect\":\"Allow\",\"Resource\":[\"arn:aws:logs:us-east-1:179952849856:log-group:/aws/lambda/todo-terraform-dev-createTodo\",\"arn:aws:logs:us-east-1:179952849856:log-group:/aws/lambda/todo-terraform-dev-deleteTodo\",\"arn:aws:logs:us-east-1:179952849856:log-group:/aws/lambda/todo-terraform-dev-getTodoById\",\"arn:aws:logs:us-east-1:179952849856:log-group:/aws/lambda/todo-terraform-dev-getTodos\",\"arn:aws:logs:us-east-1:179952849856:log-group:/aws/lambda/todo-terraform-dev-updateTodo\"]},{\"Action\":[\"dynamodb:DescribeTable\",\"dynamodb:Query\",\"dynamodb:Scan\",\"dynamodb:GetItem\",\"dynamodb:PutItem\",\"dynamodb:DeleteItem\",\"dynamodb:UpdateItem\",\"dynamodb:BatchGetItem\",\"dynamodb:BatchWriteItem\"],\"Effect\":\"Allow\",\"Resource\":[\"arn:aws:dynamodb:*:*:table/Todos-Terraform-demo\",\"arn:aws:dynamodb:*:*:table/Todos-Terraform-demo/index/*\"]}],\"Version\":\"2012-10-17\"}"
              }
            ],
            "managed_policy_arns": [],
            "max_session_duration": 3600,
            "name": "serverless_terraform_lambda",
            "name_prefix": null,
            "path": "/",
            "permissions_boundary": null,
            "tags": {},
            "tags_all": {},
            "unique_id": "AROASTZQGSPAOHWQOWJJX"
          },
          "sensitive_attributes": [],
          "private": "bnVsbA=="
        }
      ]
    },
    {
      "mode": "managed",
      "type": "aws_iam_role_policy",
      "name": "lambda_policy_terraform",
      "provider": "provider[\"registry.terraform.io/hashicorp/aws\"]",
      "instances": [
        {
          "schema_version": 0,
          "attributes": {
            "id": "serverless_terraform_lambda:todo-terraform-lambda_exec",
            "name": "todo-terraform-lambda_exec",
            "name_prefix": null,
            "policy": "{\"Statement\":[{\"Action\":[\"logs:CreateLogStream\",\"logs:CreateLogGroup\"],\"Effect\":\"Allow\",\"Resource\":[\"arn:aws:logs:us-east-1:179952849856:log-group:/aws/lambda/todo-terraform-dev-createTodo\",\"arn:aws:logs:us-east-1:179952849856:log-group:/aws/lambda/todo-terraform-dev-deleteTodo\",\"arn:aws:logs:us-east-1:179952849856:log-group:/aws/lambda/todo-terraform-dev-getTodoById\",\"arn:aws:logs:us-east-1:179952849856:log-group:/aws/lambda/todo-terraform-dev-getTodos\",\"arn:aws:logs:us-east-1:179952849856:log-group:/aws/lambda/todo-terraform-dev-updateTodo\"]},{\"Action\":[\"logs:PutLogEvents\"],\"Effect\":\"Allow\",\"Resource\":[\"arn:aws:logs:us-east-1:179952849856:log-group:/aws/lambda/todo-terraform-dev-createTodo\",\"arn:aws:logs:us-east-1:179952849856:log-group:/aws/lambda/todo-terraform-dev-deleteTodo\",\"arn:aws:logs:us-east-1:179952849856:log-group:/aws/lambda/todo-terraform-dev-getTodoById\",\"arn:aws:logs:us-east-1:179952849856:log-group:/aws/lambda/todo-terraform-dev-getTodos\",\"arn:aws:logs:us-east-1:179952849856:log-group:/aws/lambda/todo-terraform-dev-updateTodo\"]},{\"Action\":[\"dynamodb:DescribeTable\",\"dynamodb:Query\",\"dynamodb:Scan\",\"dynamodb:GetItem\",\"dynamodb:PutItem\",\"dynamodb:DeleteItem\",\"dynamodb:UpdateItem\",\"dynamodb:BatchGetItem\",\"dynamodb:BatchWriteItem\"],\"Effect\":\"Allow\",\"Resource\":[\"arn:aws:dynamodb:*:*:table/Todos-Terraform-demo\",\"arn:aws:dynamodb:*:*:table/Todos-Terraform-demo/index/*\"]}],\"Version\":\"2012-10-17\"}",
            "role": "serverless_terraform_lambda"
          },
          "sensitive_attributes": [],
          "private": "bnVsbA==",
          "dependencies": [
            "aws_cloudwatch_log_group.CreateTodoLogGroup",
            "aws_cloudwatch_log_group.DeleteTodoLogGroup",
            "aws_cloudwatch_log_group.GetTodoByIdLogGroup",
            "aws_cloudwatch_log_group.GetTodosLogGroup",
            "aws_cloudwatch_log_group.UpdateTodoLogGroup",
            "aws_iam_role.lambda_exec"
          ]
        }
      ]
    },
    {
      "mode": "managed",
      "type": "aws_lambda_function",
      "name": "todo-terraform-createTodo",
      "provider": "provider[\"registry.terraform.io/hashicorp/aws\"]",
      "instances": [
        {
          "schema_version": 0,
          "attributes": {
            "arn": "arn:aws:lambda:us-east-1:179952849856:function:todo-terraform-createTodo",
            "code_signing_config_arn": "",
            "dead_letter_config": [],
            "description": "",
            "environment": [
              {
                "variables": {
                  "TODO_TABLE_NAME": "Todos-Terraform-demo"
                }
              }
            ],
            "file_system_config": [],
            "filename": null,
            "function_name": "todo-terraform-createTodo",
            "handler": "src/functions/todo/handler.createTodo",
            "id": "todo-terraform-createTodo",
            "image_config": [],
            "image_uri": "",
            "invoke_arn": "arn:aws:apigateway:us-east-1:lambda:path/2015-03-31/functions/arn:aws:lambda:us-east-1:179952849856:function:todo-terraform-createTodo/invocations",
            "kms_key_arn": "",
            "last_modified": "2021-07-22T12:58:56.344+0000",
            "layers": [],
            "memory_size": 128,
            "package_type": "Zip",
            "publish": false,
            "qualified_arn": "arn:aws:lambda:us-east-1:179952849856:function:todo-terraform-createTodo:$LATEST",
            "reserved_concurrent_executions": -1,
            "role": "arn:aws:iam::179952849856:role/serverless_terraform_lambda",
            "runtime": "nodejs14.x",
            "s3_bucket": "sls-terraform",
            "s3_key": "a44d79e9e9375953621e4b22/tf_lambda.zip",
            "s3_object_version": null,
            "signing_job_arn": "",
            "signing_profile_version_arn": "",
            "source_code_hash": "nsdJLWezk/+2r5wFBQBmlxWwsmVGLth37f6XQQolQZE=",
            "source_code_size": 379868,
            "tags": {},
            "tags_all": {},
            "timeout": 6,
            "timeouts": null,
            "tracing_config": [
              {
                "mode": "PassThrough"
              }
            ],
            "version": "$LATEST",
            "vpc_config": []
          },
          "sensitive_attributes": [],
          "private": "eyJlMmJmYjczMC1lY2FhLTExZTYtOGY4OC0zNDM2M2JjN2M0YzAiOnsiY3JlYXRlIjo2MDAwMDAwMDAwMDB9fQ==",
          "dependencies": [
            "aws_cloudwatch_log_group.CreateTodoLogGroup",
            "aws_iam_role.lambda_exec"
          ]
        }
      ]
    },
    {
      "mode": "managed",
      "type": "aws_lambda_function",
      "name": "todo-terraform-deleteTodo",
      "provider": "provider[\"registry.terraform.io/hashicorp/aws\"]",
      "instances": [
        {
          "schema_version": 0,
          "attributes": {
            "arn": "arn:aws:lambda:us-east-1:179952849856:function:todo-terraform-deleteTodo",
            "code_signing_config_arn": "",
            "dead_letter_config": [],
            "description": "",
            "environment": [
              {
                "variables": {
                  "TODO_TABLE_NAME": "Todos-Terraform-demo"
                }
              }
            ],
            "file_system_config": [],
            "filename": null,
            "function_name": "todo-terraform-deleteTodo",
            "handler": "src/functions/todo/handler.deleteTodo",
            "id": "todo-terraform-deleteTodo",
            "image_config": [],
            "image_uri": "",
            "invoke_arn": "arn:aws:apigateway:us-east-1:lambda:path/2015-03-31/functions/arn:aws:lambda:us-east-1:179952849856:function:todo-terraform-deleteTodo/invocations",
            "kms_key_arn": "",
            "last_modified": "2021-07-22T12:58:56.320+0000",
            "layers": [],
            "memory_size": 128,
            "package_type": "Zip",
            "publish": false,
            "qualified_arn": "arn:aws:lambda:us-east-1:179952849856:function:todo-terraform-deleteTodo:$LATEST",
            "reserved_concurrent_executions": -1,
            "role": "arn:aws:iam::179952849856:role/serverless_terraform_lambda",
            "runtime": "nodejs14.x",
            "s3_bucket": "sls-terraform",
            "s3_key": "a44d79e9e9375953621e4b22/tf_lambda.zip",
            "s3_object_version": null,
            "signing_job_arn": "",
            "signing_profile_version_arn": "",
            "source_code_hash": "nsdJLWezk/+2r5wFBQBmlxWwsmVGLth37f6XQQolQZE=",
            "source_code_size": 379868,
            "tags": {},
            "tags_all": {},
            "timeout": 6,
            "timeouts": null,
            "tracing_config": [
              {
                "mode": "PassThrough"
              }
            ],
            "version": "$LATEST",
            "vpc_config": []
          },
          "sensitive_attributes": [],
          "private": "eyJlMmJmYjczMC1lY2FhLTExZTYtOGY4OC0zNDM2M2JjN2M0YzAiOnsiY3JlYXRlIjo2MDAwMDAwMDAwMDB9fQ==",
          "dependencies": [
            "aws_cloudwatch_log_group.DeleteTodoLogGroup",
            "aws_iam_role.lambda_exec"
          ]
        }
      ]
    },
    {
      "mode": "managed",
      "type": "aws_lambda_function",
      "name": "todo-terraform-getTodoById",
      "provider": "provider[\"registry.terraform.io/hashicorp/aws\"]",
      "instances": [
        {
          "schema_version": 0,
          "attributes": {
            "arn": "arn:aws:lambda:us-east-1:179952849856:function:todo-terraform-getTodoById",
            "code_signing_config_arn": "",
            "dead_letter_config": [],
            "description": "",
            "environment": [
              {
                "variables": {
                  "TODO_TABLE_NAME": "Todos-Terraform-demo"
                }
              }
            ],
            "file_system_config": [],
            "filename": null,
            "function_name": "todo-terraform-getTodoById",
            "handler": "src/functions/todo/handler.getTodoById",
            "id": "todo-terraform-getTodoById",
            "image_config": [],
            "image_uri": "",
            "invoke_arn": "arn:aws:apigateway:us-east-1:lambda:path/2015-03-31/functions/arn:aws:lambda:us-east-1:179952849856:function:todo-terraform-getTodoById/invocations",
            "kms_key_arn": "",
            "last_modified": "2021-07-22T12:58:56.544+0000",
            "layers": [],
            "memory_size": 128,
            "package_type": "Zip",
            "publish": false,
            "qualified_arn": "arn:aws:lambda:us-east-1:179952849856:function:todo-terraform-getTodoById:$LATEST",
            "reserved_concurrent_executions": -1,
            "role": "arn:aws:iam::179952849856:role/serverless_terraform_lambda",
            "runtime": "nodejs14.x",
            "s3_bucket": "sls-terraform",
            "s3_key": "a44d79e9e9375953621e4b22/tf_lambda.zip",
            "s3_object_version": null,
            "signing_job_arn": "",
            "signing_profile_version_arn": "",
            "source_code_hash": "nsdJLWezk/+2r5wFBQBmlxWwsmVGLth37f6XQQolQZE=",
            "source_code_size": 379868,
            "tags": {},
            "tags_all": {},
            "timeout": 6,
            "timeouts": null,
            "tracing_config": [
              {
                "mode": "PassThrough"
              }
            ],
            "version": "$LATEST",
            "vpc_config": []
          },
          "sensitive_attributes": [],
          "private": "eyJlMmJmYjczMC1lY2FhLTExZTYtOGY4OC0zNDM2M2JjN2M0YzAiOnsiY3JlYXRlIjo2MDAwMDAwMDAwMDB9fQ==",
          "dependencies": [
            "aws_cloudwatch_log_group.GetTodoByIdLogGroup",
            "aws_iam_role.lambda_exec"
          ]
        }
      ]
    },
    {
      "mode": "managed",
      "type": "aws_lambda_function",
      "name": "todo-terraform-getTodos",
      "provider": "provider[\"registry.terraform.io/hashicorp/aws\"]",
      "instances": [
        {
          "schema_version": 0,
          "attributes": {
            "arn": "arn:aws:lambda:us-east-1:179952849856:function:todo-terraform-getTodos",
            "code_signing_config_arn": "",
            "dead_letter_config": [],
            "description": "",
            "environment": [
              {
                "variables": {
                  "TODO_TABLE_NAME": "Todos-Terraform-demo"
                }
              }
            ],
            "file_system_config": [],
            "filename": null,
            "function_name": "todo-terraform-getTodos",
            "handler": "src/functions/todo/handler.getTodos",
            "id": "todo-terraform-getTodos",
            "image_config": [],
            "image_uri": "",
            "invoke_arn": "arn:aws:apigateway:us-east-1:lambda:path/2015-03-31/functions/arn:aws:lambda:us-east-1:179952849856:function:todo-terraform-getTodos/invocations",
            "kms_key_arn": "",
            "last_modified": "2021-07-22T12:58:56.831+0000",
            "layers": [],
            "memory_size": 128,
            "package_type": "Zip",
            "publish": false,
            "qualified_arn": "arn:aws:lambda:us-east-1:179952849856:function:todo-terraform-getTodos:$LATEST",
            "reserved_concurrent_executions": -1,
            "role": "arn:aws:iam::179952849856:role/serverless_terraform_lambda",
            "runtime": "nodejs14.x",
            "s3_bucket": "sls-terraform",
            "s3_key": "a44d79e9e9375953621e4b22/tf_lambda.zip",
            "s3_object_version": null,
            "signing_job_arn": "",
            "signing_profile_version_arn": "",
            "source_code_hash": "nsdJLWezk/+2r5wFBQBmlxWwsmVGLth37f6XQQolQZE=",
            "source_code_size": 379868,
            "tags": {},
            "tags_all": {},
            "timeout": 6,
            "timeouts": null,
            "tracing_config": [
              {
                "mode": "PassThrough"
              }
            ],
            "version": "$LATEST",
            "vpc_config": []
          },
          "sensitive_attributes": [],
          "private": "eyJlMmJmYjczMC1lY2FhLTExZTYtOGY4OC0zNDM2M2JjN2M0YzAiOnsiY3JlYXRlIjo2MDAwMDAwMDAwMDB9fQ==",
          "dependencies": [
            "aws_cloudwatch_log_group.GetTodosLogGroup",
            "aws_iam_role.lambda_exec"
          ]
        }
      ]
    },
    {
      "mode": "managed",
      "type": "aws_lambda_function",
      "name": "todo-terraform-updateTodo",
      "provider": "provider[\"registry.terraform.io/hashicorp/aws\"]",
      "instances": [
        {
          "schema_version": 0,
          "attributes": {
            "arn": "arn:aws:lambda:us-east-1:179952849856:function:todo-terraform-updateTodo",
            "code_signing_config_arn": "",
            "dead_letter_config": [],
            "description": "",
            "environment": [
              {
                "variables": {
                  "TODO_TABLE_NAME": "Todos-Terraform-demo"
                }
              }
            ],
            "file_system_config": [],
            "filename": null,
            "function_name": "todo-terraform-updateTodo",
            "handler": "src/functions/todo/handler.updateTodo",
            "id": "todo-terraform-updateTodo",
            "image_config": [],
            "image_uri": "",
            "invoke_arn": "arn:aws:apigateway:us-east-1:lambda:path/2015-03-31/functions/arn:aws:lambda:us-east-1:179952849856:function:todo-terraform-updateTodo/invocations",
            "kms_key_arn": "",
            "last_modified": "2021-07-22T12:58:56.787+0000",
            "layers": [],
            "memory_size": 128,
            "package_type": "Zip",
            "publish": false,
            "qualified_arn": "arn:aws:lambda:us-east-1:179952849856:function:todo-terraform-updateTodo:$LATEST",
            "reserved_concurrent_executions": -1,
            "role": "arn:aws:iam::179952849856:role/serverless_terraform_lambda",
            "runtime": "nodejs14.x",
            "s3_bucket": "sls-terraform",
            "s3_key": "a44d79e9e9375953621e4b22/tf_lambda.zip",
            "s3_object_version": null,
            "signing_job_arn": "",
            "signing_profile_version_arn": "",
            "source_code_hash": "nsdJLWezk/+2r5wFBQBmlxWwsmVGLth37f6XQQolQZE=",
            "source_code_size": 379868,
            "tags": {},
            "tags_all": {},
            "timeout": 6,
            "timeouts": null,
            "tracing_config": [
              {
                "mode": "PassThrough"
              }
            ],
            "version": "$LATEST",
            "vpc_config": []
          },
          "sensitive_attributes": [],
          "private": "eyJlMmJmYjczMC1lY2FhLTExZTYtOGY4OC0zNDM2M2JjN2M0YzAiOnsiY3JlYXRlIjo2MDAwMDAwMDAwMDB9fQ==",
          "dependencies": [
            "aws_cloudwatch_log_group.UpdateTodoLogGroup",
            "aws_iam_role.lambda_exec"
          ]
        }
      ]
    },
    {
      "mode": "managed",
      "type": "aws_lambda_permission",
      "name": "CreateTodoLambdaPermissionHttpApi",
      "provider": "provider[\"registry.terraform.io/hashicorp/aws\"]",
      "instances": [
        {
          "schema_version": 0,
          "attributes": {
            "action": "lambda:InvokeFunction",
            "event_source_token": null,
            "function_name": "todo-terraform-createTodo",
            "id": "terraform-20210722112702879400000005",
            "principal": "apigateway.amazonaws.com",
            "qualifier": "",
            "source_account": null,
            "source_arn": "arn:aws:execute-api:us-east-1:179952849856:4bpu9l2rai/*/*/*",
            "statement_id": "terraform-20210722112702879400000005",
            "statement_id_prefix": null
          },
          "sensitive_attributes": [],
          "private": "bnVsbA==",
          "dependencies": [
            "aws_apigatewayv2_api.todo_terraform",
            "aws_cloudwatch_log_group.CreateTodoLogGroup",
            "aws_iam_role.lambda_exec",
            "aws_lambda_function.todo-terraform-createTodo"
          ]
        }
      ]
    },
    {
      "mode": "managed",
      "type": "aws_lambda_permission",
      "name": "DeleteTodoLambdaPermissionHttpApi",
      "provider": "provider[\"registry.terraform.io/hashicorp/aws\"]",
      "instances": [
        {
          "schema_version": 0,
          "attributes": {
            "action": "lambda:InvokeFunction",
            "event_source_token": null,
            "function_name": "todo-terraform-deleteTodo",
            "id": "terraform-20210722112702017200000002",
            "principal": "apigateway.amazonaws.com",
            "qualifier": "",
            "source_account": null,
            "source_arn": "arn:aws:execute-api:us-east-1:179952849856:4bpu9l2rai/*/*/*",
            "statement_id": "terraform-20210722112702017200000002",
            "statement_id_prefix": null
          },
          "sensitive_attributes": [],
          "private": "bnVsbA==",
          "dependencies": [
            "aws_apigatewayv2_api.todo_terraform",
            "aws_cloudwatch_log_group.DeleteTodoLogGroup",
            "aws_iam_role.lambda_exec",
            "aws_lambda_function.todo-terraform-deleteTodo"
          ]
        }
      ]
    },
    {
      "mode": "managed",
      "type": "aws_lambda_permission",
      "name": "GetTodoByIdLambdaPermissionHttpApi",
      "provider": "provider[\"registry.terraform.io/hashicorp/aws\"]",
      "instances": [
        {
          "schema_version": 0,
          "attributes": {
            "action": "lambda:InvokeFunction",
            "event_source_token": null,
            "function_name": "todo-terraform-getTodoById",
            "id": "terraform-20210722112702017200000001",
            "principal": "apigateway.amazonaws.com",
            "qualifier": "",
            "source_account": null,
            "source_arn": "arn:aws:execute-api:us-east-1:179952849856:4bpu9l2rai/*/*/*",
            "statement_id": "terraform-20210722112702017200000001",
            "statement_id_prefix": null
          },
          "sensitive_attributes": [],
          "private": "bnVsbA==",
          "dependencies": [
            "aws_cloudwatch_log_group.GetTodoByIdLogGroup",
            "aws_iam_role.lambda_exec",
            "aws_lambda_function.todo-terraform-getTodoById",
            "aws_apigatewayv2_api.todo_terraform"
          ]
        }
      ]
    },
    {
      "mode": "managed",
      "type": "aws_lambda_permission",
      "name": "GetTodosLambdaPermissionHttpApi",
      "provider": "provider[\"registry.terraform.io/hashicorp/aws\"]",
      "instances": [
        {
          "schema_version": 0,
          "attributes": {
            "action": "lambda:InvokeFunction",
            "event_source_token": null,
            "function_name": "todo-terraform-getTodos",
            "id": "terraform-20210722112702748500000003",
            "principal": "apigateway.amazonaws.com",
            "qualifier": "",
            "source_account": null,
            "source_arn": "arn:aws:execute-api:us-east-1:179952849856:4bpu9l2rai/*/*/*",
            "statement_id": "terraform-20210722112702748500000003",
            "statement_id_prefix": null
          },
          "sensitive_attributes": [],
          "private": "bnVsbA==",
          "dependencies": [
            "aws_apigatewayv2_api.todo_terraform",
            "aws_cloudwatch_log_group.GetTodosLogGroup",
            "aws_iam_role.lambda_exec",
            "aws_lambda_function.todo-terraform-getTodos"
          ]
        }
      ]
    },
    {
      "mode": "managed",
      "type": "aws_lambda_permission",
      "name": "UpdateTodoLambdaPermissionHttpApi",
      "provider": "provider[\"registry.terraform.io/hashicorp/aws\"]",
      "instances": [
        {
          "schema_version": 0,
          "attributes": {
            "action": "lambda:InvokeFunction",
            "event_source_token": null,
            "function_name": "todo-terraform-updateTodo",
            "id": "terraform-20210722112702748500000004",
            "principal": "apigateway.amazonaws.com",
            "qualifier": "",
            "source_account": null,
            "source_arn": "arn:aws:execute-api:us-east-1:179952849856:4bpu9l2rai/*/*/*",
            "statement_id": "terraform-20210722112702748500000004",
            "statement_id_prefix": null
          },
          "sensitive_attributes": [],
          "private": "bnVsbA==",
          "dependencies": [
            "aws_apigatewayv2_api.todo_terraform",
            "aws_cloudwatch_log_group.UpdateTodoLogGroup",
            "aws_iam_role.lambda_exec",
            "aws_lambda_function.todo-terraform-updateTodo"
          ]
        }
      ]
    }
  ]
}
